{
  "name": "barebrowse",
  "version": "0.5.0",
  "lockfileVersion": 3,
  "requires": true,
  "packages": {
    "": {
      "name": "barebrowse",
      "version": "0.5.0",
      "license": "MIT",
      "dependencies": {
        "wearehere": "file:../wearehere/assess"
      },
      "bin": {
        "barebrowse": "cli.js"
      },
      "engines": {
        "node": ">=22"
      },
      "optionalDependencies": {
        "wearehere": "file:../wearehere/assess"
      }
    },
    "../wearehere/assess": {
      "name": "wearehere",
      "version": "1.0.0",
      "license": "MIT",
      "optional": true,
      "engines": {
        "node": ">=18"
      }
    },
    "node_modules/wearehere": {
      "resolved": "../wearehere/assess",
      "link": true
    }
  }
}
